// !$*UTF8*$!
{
	archiveVersion = 1;
	classes = {
	};
	objectVersion = 56;
	objects = {

/* Begin PBXBuildFile section */
		AF4471F22B37163A0003D6CA /* RotatedBadgeSymbol.swift in Sources */ = {isa = PBXBuildFile; fileRef = AF4471F12B37163A0003D6CA /* RotatedBadgeSymbol.swift */; };
		AF4471F42B3716BB0003D6CA /* Badge.swift in Sources */ = {isa = PBXBuildFile; fileRef = AF4471F32B3716BB0003D6CA /* Badge.swift */; };
		AF4471F72B382CBB0003D6CA /* hikeData.json in Resources */ = {isa = PBXBuildFile; fileRef = AF4471F62B382CBB0003D6CA /* hikeData.json */; };
		AF4471F92B382CEB0003D6CA /* Hike.swift in Sources */ = {isa = PBXBuildFile; fileRef = AF4471F82B382CEA0003D6CA /* Hike.swift */; };
		AF4471FF2B382F440003D6CA /* GraphCapsule.swift in Sources */ = {isa = PBXBuildFile; fileRef = AF4471FB2B382F440003D6CA /* GraphCapsule.swift */; };
		AF4472002B382F440003D6CA /* HikeGraph.swift in Sources */ = {isa = PBXBuildFile; fileRef = AF4471FC2B382F440003D6CA /* HikeGraph.swift */; };
		AF4472012B382F440003D6CA /* HikeDetail.swift in Sources */ = {isa = PBXBuildFile; fileRef = AF4471FD2B382F440003D6CA /* HikeDetail.swift */; };
		AF4472022B382F440003D6CA /* HikeView.swift in Sources */ = {isa = PBXBuildFile; fileRef = AF4471FE2B382F440003D6CA /* HikeView.swift */; };
		AFFBF8822B36E3E400A38894 /* LandmarksApp.swift in Sources */ = {isa = PBXBuildFile; fileRef = AFFBF8812B36E3E400A38894 /* LandmarksApp.swift */; };
		AFFBF8842B36E3E400A38894 /* ContentView.swift in Sources */ = {isa = PBXBuildFile; fileRef = AFFBF8832B36E3E400A38894 /* ContentView.swift */; };
		AFFBF8862B36E3E600A38894 /* Assets.xcassets in Resources */ = {isa = PBXBuildFile; fileRef = AFFBF8852B36E3E600A38894 /* Assets.xcassets */; };
		AFFBF8892B36E3E600A38894 /* Preview Assets.xcassets in Resources */ = {isa = PBXBuildFile; fileRef = AFFBF8882B36E3E600A38894 /* Preview Assets.xcassets */; };
		AFFBF8902B36E7D800A38894 /* CircleImage.swift in Sources */ = {isa = PBXBuildFile; fileRef = AFFBF88F2B36E7D800A38894 /* CircleImage.swift */; };
		AFFBF8922B36E8B800A38894 /* MapView.swift in Sources */ = {isa = PBXBuildFile; fileRef = AFFBF8912B36E8B800A38894 /* MapView.swift */; };
		AFFBF8942B36ECBF00A38894 /* landmarkData.json in Resources */ = {isa = PBXBuildFile; fileRef = AFFBF8932B36ECBF00A38894 /* landmarkData.json */; };
		AFFBF8962B36ECF700A38894 /* Landmark.swift in Sources */ = {isa = PBXBuildFile; fileRef = AFFBF8952B36ECF700A38894 /* Landmark.swift */; };
		AFFBF8982B36EF8F00A38894 /* ModelData.swift in Sources */ = {isa = PBXBuildFile; fileRef = AFFBF8972B36EF8F00A38894 /* ModelData.swift */; };
		AFFBF89D2B36F20100A38894 /* LandmarkRow.swift in Sources */ = {isa = PBXBuildFile; fileRef = AFFBF89C2B36F20100A38894 /* LandmarkRow.swift */; };
		AFFBF89F2B36F60700A38894 /* LandmarkList.swift in Sources */ = {isa = PBXBuildFile; fileRef = AFFBF89E2B36F60600A38894 /* LandmarkList.swift */; };
		AFFBF8A12B36F86800A38894 /* LandmarkDetail.swift in Sources */ = {isa = PBXBuildFile; fileRef = AFFBF8A02B36F86800A38894 /* LandmarkDetail.swift */; };
		AFFBF8A32B37088100A38894 /* FavoriteButton.swift in Sources */ = {isa = PBXBuildFile; fileRef = AFFBF8A22B37088100A38894 /* FavoriteButton.swift */; };
		AFFBF8A72B370D7E00A38894 /* HexagonParameters.swift in Sources */ = {isa = PBXBuildFile; fileRef = AFFBF8A62B370D7E00A38894 /* HexagonParameters.swift */; };
		AFFBF8A92B370EA700A38894 /* BadgeBackground.swift in Sources */ = {isa = PBXBuildFile; fileRef = AFFBF8A82B370EA700A38894 /* BadgeBackground.swift */; };
		AFFBF8AB2B37131D00A38894 /* BadgeSymbol.swift in Sources */ = {isa = PBXBuildFile; fileRef = AFFBF8AA2B37131D00A38894 /* BadgeSymbol.swift */; };
/* End PBXBuildFile section */

/* Begin PBXFileReference section */
		AF4471F12B37163A0003D6CA /* RotatedBadgeSymbol.swift */ = {isa = PBXFileReference; lastKnownFileType = sourcecode.swift; path = RotatedBadgeSymbol.swift; sourceTree = "<group>"; };
		AF4471F32B3716BB0003D6CA /* Badge.swift */ = {isa = PBXFileReference; lastKnownFileType = sourcecode.swift; path = Badge.swift; sourceTree = "<group>"; };
		AF4471F62B382CBB0003D6CA /* hikeData.json */ = {isa = PBXFileReference; fileEncoding = 4; lastKnownFileType = text.json; path = hikeData.json; sourceTree = "<group>"; };
		AF4471F82B382CEA0003D6CA /* Hike.swift */ = {isa = PBXFileReference; lastKnownFileType = sourcecode.swift; path = Hike.swift; sourceTree = "<group>"; };
		AF4471FB2B382F440003D6CA /* GraphCapsule.swift */ = {isa = PBXFileReference; fileEncoding = 4; lastKnownFileType = sourcecode.swift; path = GraphCapsule.swift; sourceTree = "<group>"; };
		AF4471FC2B382F440003D6CA /* HikeGraph.swift */ = {isa = PBXFileReference; fileEncoding = 4; lastKnownFileType = sourcecode.swift; path = HikeGraph.swift; sourceTree = "<group>"; };
		AF4471FD2B382F440003D6CA /* HikeDetail.swift */ = {isa = PBXFileReference; fileEncoding = 4; lastKnownFileType = sourcecode.swift; path = HikeDetail.swift; sourceTree = "<group>"; };
		AF4471FE2B382F440003D6CA /* HikeView.swift */ = {isa = PBXFileReference; fileEncoding = 4; lastKnownFileType = sourcecode.swift; path = HikeView.swift; sourceTree = "<group>"; };
		AFFBF87E2B36E3E400A38894 /* Landmarks.app */ = {isa = PBXFileReference; explicitFileType = wrapper.application; includeInIndex = 0; path = Landmarks.app; sourceTree = BUILT_PRODUCTS_DIR; };
		AFFBF8812B36E3E400A38894 /* LandmarksApp.swift */ = {isa = PBXFileReference; lastKnownFileType = sourcecode.swift; path = LandmarksApp.swift; sourceTree = "<group>"; };
		AFFBF8832B36E3E400A38894 /* ContentView.swift */ = {isa = PBXFileReference; lastKnownFileType = sourcecode.swift; path = ContentView.swift; sourceTree = "<group>"; };
		AFFBF8852B36E3E600A38894 /* Assets.xcassets */ = {isa = PBXFileReference; lastKnownFileType = folder.assetcatalog; path = Assets.xcassets; sourceTree = "<group>"; };
		AFFBF8882B36E3E600A38894 /* Preview Assets.xcassets */ = {isa = PBXFileReference; lastKnownFileType = folder.assetcatalog; path = "Preview Assets.xcassets"; sourceTree = "<group>"; };
		AFFBF88F2B36E7D800A38894 /* CircleImage.swift */ = {isa = PBXFileReference; lastKnownFileType = sourcecode.swift; path = CircleImage.swift; sourceTree = "<group>"; };
		AFFBF8912B36E8B800A38894 /* MapView.swift */ = {isa = PBXFileReference; lastKnownFileType = sourcecode.swift; path = MapView.swift; sourceTree = "<group>"; };
		AFFBF8932B36ECBF00A38894 /* landmarkData.json */ = {isa = PBXFileReference; fileEncoding = 4; lastKnownFileType = text.json; path = landmarkData.json; sourceTree = "<group>"; };
		AFFBF8952B36ECF700A38894 /* Landmark.swift */ = {isa = PBXFileReference; lastKnownFileType = sourcecode.swift; path = Landmark.swift; sourceTree = "<group>"; };
		AFFBF8972B36EF8F00A38894 /* ModelData.swift */ = {isa = PBXFileReference; lastKnownFileType = sourcecode.swift; path = ModelData.swift; sourceTree = "<group>"; };
		AFFBF89C2B36F20100A38894 /* LandmarkRow.swift */ = {isa = PBXFileReference; lastKnownFileType = sourcecode.swift; path = LandmarkRow.swift; sourceTree = "<group>"; };
		AFFBF89E2B36F60600A38894 /* LandmarkList.swift */ = {isa = PBXFileReference; lastKnownFileType = sourcecode.swift; path = LandmarkList.swift; sourceTree = "<group>"; };
		AFFBF8A02B36F86800A38894 /* LandmarkDetail.swift */ = {isa = PBXFileReference; lastKnownFileType = sourcecode.swift; path = LandmarkDetail.swift; sourceTree = "<group>"; };
		AFFBF8A22B37088100A38894 /* FavoriteButton.swift */ = {isa = PBXFileReference; lastKnownFileType = sourcecode.swift; path = FavoriteButton.swift; sourceTree = "<group>"; };
		AFFBF8A62B370D7E00A38894 /* HexagonParameters.swift */ = {isa = PBXFileReference; lastKnownFileType = sourcecode.swift; path = HexagonParameters.swift; sourceTree = "<group>"; };
		AFFBF8A82B370EA700A38894 /* BadgeBackground.swift */ = {isa = PBXFileReference; lastKnownFileType = sourcecode.swift; path = BadgeBackground.swift; sourceTree = "<group>"; };
		AFFBF8AA2B37131D00A38894 /* BadgeSymbol.swift */ = {isa = PBXFileReference; lastKnownFileType = sourcecode.swift; path = BadgeSymbol.swift; sourceTree = "<group>"; };
/* End PBXFileReference section */

/* Begin PBXFrameworksBuildPhase section */
		AFFBF87B2B36E3E400A38894 /* Frameworks */ = {
			isa = PBXFrameworksBuildPhase;
			buildActionMask = 2147483647;
			files = (
			);
			runOnlyForDeploymentPostprocessing = 0;
		};
/* End PBXFrameworksBuildPhase section */

/* Begin PBXGroup section */
		AF4471F52B3718AC0003D6CA /* Badge */ = {
			isa = PBXGroup;
			children = (
				AFFBF8A62B370D7E00A38894 /* HexagonParameters.swift */,
				AFFBF8A82B370EA700A38894 /* BadgeBackground.swift */,
				AFFBF8AA2B37131D00A38894 /* BadgeSymbol.swift */,
				AF4471F12B37163A0003D6CA /* RotatedBadgeSymbol.swift */,
				AF4471F32B3716BB0003D6CA /* Badge.swift */,
			);
			path = Badge;
			sourceTree = "<group>";
		};
		AF4471FA2B382F440003D6CA /* Hikes */ = {
			isa = PBXGroup;
			children = (
				AF4471FB2B382F440003D6CA /* GraphCapsule.swift */,
				AF4471FC2B382F440003D6CA /* HikeGraph.swift */,
				AF4471FD2B382F440003D6CA /* HikeDetail.swift */,
				AF4471FE2B382F440003D6CA /* HikeView.swift */,
			);
			path = Hikes;
			sourceTree = "<group>";
		};
		AFFBF8752B36E3E300A38894 = {
			isa = PBXGroup;
			children = (
				AFFBF8802B36E3E400A38894 /* Landmarks */,
				AFFBF87F2B36E3E400A38894 /* Products */,
			);
			sourceTree = "<group>";
		};
		AFFBF87F2B36E3E400A38894 /* Products */ = {
			isa = PBXGroup;
			children = (
				AFFBF87E2B36E3E400A38894 /* Landmarks.app */,
			);
			name = Products;
			sourceTree = "<group>";
		};
		AFFBF8802B36E3E400A38894 /* Landmarks */ = {
			isa = PBXGroup;
			children = (
				AFFBF8812B36E3E400A38894 /* LandmarksApp.swift */,
				AFFBF8992B36F16F00A38894 /* View */,
				AFFBF8A52B3709D500A38894 /* Landmarks */,
				AFFBF8A42B37099300A38894 /* Helper */,
				AFFBF89A2B36F18800A38894 /* Model */,
				AFFBF89B2B36F1A100A38894 /* Resources */,
				AF4471F52B3718AC0003D6CA /* Badge */,
				AFFBF8852B36E3E600A38894 /* Assets.xcassets */,
				AFFBF8872B36E3E600A38894 /* Preview Content */,
			);
			path = Landmarks;
			sourceTree = "<group>";
		};
		AFFBF8872B36E3E600A38894 /* Preview Content */ = {
			isa = PBXGroup;
			children = (
				AFFBF8882B36E3E600A38894 /* Preview Assets.xcassets */,
			);
			path = "Preview Content";
			sourceTree = "<group>";
		};
		AFFBF8992B36F16F00A38894 /* View */ = {
			isa = PBXGroup;
			children = (
				AF4471FA2B382F440003D6CA /* Hikes */,
				AFFBF8832B36E3E400A38894 /* ContentView.swift */,
			);
			path = View;
			sourceTree = "<group>";
		};
		AFFBF89A2B36F18800A38894 /* Model */ = {
			isa = PBXGroup;
			children = (
				AFFBF8952B36ECF700A38894 /* Landmark.swift */,
				AFFBF8972B36EF8F00A38894 /* ModelData.swift */,
				AF4471F82B382CEA0003D6CA /* Hike.swift */,
			);
			path = Model;
			sourceTree = "<group>";
		};
		AFFBF89B2B36F1A100A38894 /* Resources */ = {
			isa = PBXGroup;
			children = (
				AFFBF8932B36ECBF00A38894 /* landmarkData.json */,
				AF4471F62B382CBB0003D6CA /* hikeData.json */,
			);
			path = Resources;
			sourceTree = "<group>";
		};
		AFFBF8A42B37099300A38894 /* Helper */ = {
			isa = PBXGroup;
			children = (
				AFFBF88F2B36E7D800A38894 /* CircleImage.swift */,
				AFFBF8A22B37088100A38894 /* FavoriteButton.swift */,
				AFFBF8912B36E8B800A38894 /* MapView.swift */,
			);
			path = Helper;
			sourceTree = "<group>";
		};
		AFFBF8A52B3709D500A38894 /* Landmarks */ = {
			isa = PBXGroup;
			children = (
				AFFBF89C2B36F20100A38894 /* LandmarkRow.swift */,
				AFFBF89E2B36F60600A38894 /* LandmarkList.swift */,
				AFFBF8A02B36F86800A38894 /* LandmarkDetail.swift */,
			);
			path = Landmarks;
			sourceTree = "<group>";
		};
/* End PBXGroup section */

/* Begin PBXNativeTarget section */
		AFFBF87D2B36E3E400A38894 /* Landmarks */ = {
			isa = PBXNativeTarget;
			buildConfigurationList = AFFBF88C2B36E3E600A38894 /* Build configuration list for PBXNativeTarget "Landmarks" */;
			buildPhases = (
				AFFBF87A2B36E3E400A38894 /* Sources */,
				AFFBF87B2B36E3E400A38894 /* Frameworks */,
				AFFBF87C2B36E3E400A38894 /* Resources */,
			);
			buildRules = (
			);
			dependencies = (
			);
			name = Landmarks;
			productName = Landmarks;
			productReference = AFFBF87E2B36E3E400A38894 /* Landmarks.app */;
			productType = "com.apple.product-type.application";
		};
/* End PBXNativeTarget section */

/* Begin PBXProject section */
		AFFBF8762B36E3E300A38894 /* Project object */ = {
			isa = PBXProject;
			attributes = {
				BuildIndependentTargetsInParallel = 1;
				LastSwiftUpdateCheck = 1510;
				LastUpgradeCheck = 1510;
				TargetAttributes = {
					AFFBF87D2B36E3E400A38894 = {
						CreatedOnToolsVersion = 15.1;
					};
				};
			};
			buildConfigurationList = AFFBF8792B36E3E300A38894 /* Build configuration list for PBXProject "Landmarks" */;
			compatibilityVersion = "Xcode 14.0";
			developmentRegion = en;
			hasScannedForEncodings = 0;
			knownRegions = (
				en,
				Base,
			);
			mainGroup = AFFBF8752B36E3E300A38894;
			productRefGroup = AFFBF87F2B36E3E400A38894 /* Products */;
			projectDirPath = "";
			projectRoot = "";
			targets = (
				AFFBF87D2B36E3E400A38894 /* Landmarks */,
			);
		};
/* End PBXProject section */

/* Begin PBXResourcesBuildPhase section */
		AFFBF87C2B36E3E400A38894 /* Resources */ = {
			isa = PBXResourcesBuildPhase;
			buildActionMask = 2147483647;
			files = (
				AF4471F72B382CBB0003D6CA /* hikeData.json in Resources */,
				AFFBF8892B36E3E600A38894 /* Preview Assets.xcassets in Resources */,
				AFFBF8862B36E3E600A38894 /* Assets.xcassets in Resources */,
				AFFBF8942B36ECBF00A38894 /* landmarkData.json in Resources */,
			);
			runOnlyForDeploymentPostprocessing = 0;
		};
/* End PBXResourcesBuildPhase section */

/* Begin PBXSourcesBuildPhase section */
		AFFBF87A2B36E3E400A38894 /* Sources */ = {
			isa = PBXSourcesBuildPhase;
			buildActionMask = 2147483647;
			files = (
				AFFBF8842B36E3E400A38894 /* ContentView.swift in Sources */,
				AF4472002B382F440003D6CA /* HikeGraph.swift in Sources */,
				AF4471F42B3716BB0003D6CA /* Badge.swift in Sources */,
				AFFBF8922B36E8B800A38894 /* MapView.swift in Sources */,
				AF4471FF2B382F440003D6CA /* GraphCapsule.swift in Sources */,
				AFFBF8822B36E3E400A38894 /* LandmarksApp.swift in Sources */,
				AFFBF8A32B37088100A38894 /* FavoriteButton.swift in Sources */,
				AF4472012B382F440003D6CA /* HikeDetail.swift in Sources */,
				AFFBF8A72B370D7E00A38894 /* HexagonParameters.swift in Sources */,
				AF4471F92B382CEB0003D6CA /* Hike.swift in Sources */,
				AF4471F22B37163A0003D6CA /* RotatedBadgeSymbol.swift in Sources */,
				AFFBF8AB2B37131D00A38894 /* BadgeSymbol.swift in Sources */,
				AFFBF89F2B36F60700A38894 /* LandmarkList.swift in Sources */,
				AF4472022B382F440003D6CA /* HikeView.swift in Sources */,
				AFFBF8A12B36F86800A38894 /* LandmarkDetail.swift in Sources */,
				AFFBF8A92B370EA700A38894 /* BadgeBackground.swift in Sources */,
				AFFBF8902B36E7D800A38894 /* CircleImage.swift in Sources */,
				AFFBF8962B36ECF700A38894 /* Landmark.swift in Sources */,
				AFFBF89D2B36F20100A38894 /* LandmarkRow.swift in Sources */,
				AFFBF8982B36EF8F00A38894 /* ModelData.swift in Sources */,
			);
			runOnlyForDeploymentPostprocessing = 0;
		};
/* End PBXSourcesBuildPhase section */

/* Begin XCBuildConfiguration section */
		AFFBF88A2B36E3E600A38894 /* Debug */ = {
			isa = XCBuildConfiguration;
			buildSettings = {
				ALWAYS_SEARCH_USER_PATHS = NO;
				ASSETCATALOG_COMPILER_GENERATE_SWIFT_ASSET_SYMBOL_EXTENSIONS = YES;
				CLANG_ANALYZER_NONNULL = YES;
				CLANG_ANALYZER_NUMBER_OBJECT_CONVERSION = YES_AGGRESSIVE;
				CLANG_CXX_LANGUAGE_STANDARD = "gnu++20";
				CLANG_ENABLE_MODULES = YES;
				CLANG_ENABLE_OBJC_ARC = YES;
				CLANG_ENABLE_OBJC_WEAK = YES;
				CLANG_WARN_BLOCK_CAPTURE_AUTORELEASING = YES;
				CLANG_WARN_BOOL_CONVERSION = YES;
				CLANG_WARN_COMMA = YES;
				CLANG_WARN_CONSTANT_CONVERSION = YES;
				CLANG_WARN_DEPRECATED_OBJC_IMPLEMENTATIONS = YES;
				CLANG_WARN_DIRECT_OBJC_ISA_USAGE = YES_ERROR;
				CLANG_WARN_DOCUMENTATION_COMMENTS = YES;
				CLANG_WARN_EMPTY_BODY = YES;
				CLANG_WARN_ENUM_CONVERSION = YES;
				CLANG_WARN_INFINITE_RECURSION = YES;
				CLANG_WARN_INT_CONVERSION = YES;
				CLANG_WARN_NON_LITERAL_NULL_CONVERSION = YES;
				CLANG_WARN_OBJC_IMPLICIT_RETAIN_SELF = YES;
				CLANG_WARN_OBJC_LITERAL_CONVERSION = YES;
				CLANG_WARN_OBJC_ROOT_CLASS = YES_ERROR;
				CLANG_WARN_QUOTED_INCLUDE_IN_FRAMEWORK_HEADER = YES;
				CLANG_WARN_RANGE_LOOP_ANALYSIS = YES;
				CLANG_WARN_STRICT_PROTOTYPES = YES;
				CLANG_WARN_SUSPICIOUS_MOVE = YES;
				CLANG_WARN_UNGUARDED_AVAILABILITY = YES_AGGRESSIVE;
				CLANG_WARN_UNREACHABLE_CODE = YES;
				CLANG_WARN__DUPLICATE_METHOD_MATCH = YES;
				COPY_PHASE_STRIP = NO;
				DEBUG_INFORMATION_FORMAT = dwarf;
				ENABLE_STRICT_OBJC_MSGSEND = YES;
				ENABLE_TESTABILITY = YES;
				ENABLE_USER_SCRIPT_SANDBOXING = YES;
				GCC_C_LANGUAGE_STANDARD = gnu17;
				GCC_DYNAMIC_NO_PIC = NO;
				GCC_NO_COMMON_BLOCKS = YES;
				GCC_OPTIMIZATION_LEVEL = 0;
				GCC_PREPROCESSOR_DEFINITIONS = (
					"DEBUG=1",
					"$(inherited)",
				);
				GCC_WARN_64_TO_32_BIT_CONVERSION = YES;
				GCC_WARN_ABOUT_RETURN_TYPE = YES_ERROR;
				GCC_WARN_UNDECLARED_SELECTOR = YES;
				GCC_WARN_UNINITIALIZED_AUTOS = YES_AGGRESSIVE;
				GCC_WARN_UNUSED_FUNCTION = YES;
				GCC_WARN_UNUSED_VARIABLE = YES;
				IPHONEOS_DEPLOYMENT_TARGET = 17.2;
				LOCALIZATION_PREFERS_STRING_CATALOGS = YES;
				MTL_ENABLE_DEBUG_INFO = INCLUDE_SOURCE;
				MTL_FAST_MATH = YES;
				ONLY_ACTIVE_ARCH = YES;
				SDKROOT = iphoneos;
				SWIFT_ACTIVE_COMPILATION_CONDITIONS = "DEBUG $(inherited)";
				SWIFT_OPTIMIZATION_LEVEL = "-Onone";
			};
			name = Debug;
		};
		AFFBF88B2B36E3E600A38894 /* Release */ = {
			isa = XCBuildConfiguration;
			buildSettings = {
				ALWAYS_SEARCH_USER_PATHS = NO;
				ASSETCATALOG_COMPILER_GENERATE_SWIFT_ASSET_SYMBOL_EXTENSIONS = YES;
				CLANG_ANALYZER_NONNULL = YES;
				CLANG_ANALYZER_NUMBER_OBJECT_CONVERSION = YES_AGGRESSIVE;
				CLANG_CXX_LANGUAGE_STANDARD = "gnu++20";
				CLANG_ENABLE_MODULES = YES;
				CLANG_ENABLE_OBJC_ARC = YES;
				CLANG_ENABLE_OBJC_WEAK = YES;
				CLANG_WARN_BLOCK_CAPTURE_AUTORELEASING = YES;
				CLANG_WARN_BOOL_CONVERSION = YES;
				CLANG_WARN_COMMA = YES;
				CLANG_WARN_CONSTANT_CONVERSION = YES;
				CLANG_WARN_DEPRECATED_OBJC_IMPLEMENTATIONS = YES;
				CLANG_WARN_DIRECT_OBJC_ISA_USAGE = YES_ERROR;
				CLANG_WARN_DOCUMENTATION_COMMENTS = YES;
				CLANG_WARN_EMPTY_BODY = YES;
				CLANG_WARN_ENUM_CONVERSION = YES;
				CLANG_WARN_INFINITE_RECURSION = YES;
				CLANG_WARN_INT_CONVERSION = YES;
				CLANG_WARN_NON_LITERAL_NULL_CONVERSION = YES;
				CLANG_WARN_OBJC_IMPLICIT_RETAIN_SELF = YES;
				CLANG_WARN_OBJC_LITERAL_CONVERSION = YES;
				CLANG_WARN_OBJC_ROOT_CLASS = YES_ERROR;
				CLANG_WARN_QUOTED_INCLUDE_IN_FRAMEWORK_HEADER = YES;
				CLANG_WARN_RANGE_LOOP_ANALYSIS = YES;
				CLANG_WARN_STRICT_PROTOTYPES = YES;
				CLANG_WARN_SUSPICIOUS_MOVE = YES;
				CLANG_WARN_UNGUARDED_AVAILABILITY = YES_AGGRESSIVE;
				CLANG_WARN_UNREACHABLE_CODE = YES;
				CLANG_WARN__DUPLICATE_METHOD_MATCH = YES;
				COPY_PHASE_STRIP = NO;
				DEBUG_INFORMATION_FORMAT = "dwarf-with-dsym";
				ENABLE_NS_ASSERTIONS = NO;
				ENABLE_STRICT_OBJC_MSGSEND = YES;
				ENABLE_USER_SCRIPT_SANDBOXING = YES;
				GCC_C_LANGUAGE_STANDARD = gnu17;
				GCC_NO_COMMON_BLOCKS = YES;
				GCC_WARN_64_TO_32_BIT_CONVERSION = YES;
				GCC_WARN_ABOUT_RETURN_TYPE = YES_ERROR;
				GCC_WARN_UNDECLARED_SELECTOR = YES;
				GCC_WARN_UNINITIALIZED_AUTOS = YES_AGGRESSIVE;
				GCC_WARN_UNUSED_FUNCTION = YES;
				GCC_WARN_UNUSED_VARIABLE = YES;
				IPHONEOS_DEPLOYMENT_TARGET = 17.2;
				LOCALIZATION_PREFERS_STRING_CATALOGS = YES;
				MTL_ENABLE_DEBUG_INFO = NO;
				MTL_FAST_MATH = YES;
				SDKROOT = iphoneos;
				SWIFT_COMPILATION_MODE = wholemodule;
				VALIDATE_PRODUCT = YES;
			};
			name = Release;
		};
		AFFBF88D2B36E3E600A38894 /* Debug */ = {
			isa = XCBuildConfiguration;
			buildSettings = {
				ASSETCATALOG_COMPILER_APPICON_NAME = AppIcon;
				ASSETCATALOG_COMPILER_GLOBAL_ACCENT_COLOR_NAME = AccentColor;
				CODE_SIGN_STYLE = Automatic;
				CURRENT_PROJECT_VERSION = 1;
				DEVELOPMENT_ASSET_PATHS = "\"Landmarks/Preview Content\"";
				DEVELOPMENT_TEAM = 6736LJQ283;
				ENABLE_PREVIEWS = YES;
				GENERATE_INFOPLIST_FILE = YES;
				INFOPLIST_KEY_UIApplicationSceneManifest_Generation = YES;
				INFOPLIST_KEY_UIApplicationSupportsIndirectInputEvents = YES;
				INFOPLIST_KEY_UILaunchScreen_Generation = YES;
				INFOPLIST_KEY_UISupportedInterfaceOrientations_iPad = "UIInterfaceOrientationPortrait UIInterfaceOrientationPortraitUpsideDown UIInterfaceOrientationLandscapeLeft UIInterfaceOrientationLandscapeRight";
				INFOPLIST_KEY_UISupportedInterfaceOrientations_iPhone = "UIInterfaceOrientationPortrait UIInterfaceOrientationLandscapeLeft UIInterfaceOrientationLandscapeRight";
				LD_RUNPATH_SEARCH_PATHS = (
					"$(inherited)",
					"@executable_path/Frameworks",
				);
				MARKETING_VERSION = 1.0;
				PRODUCT_BUNDLE_IDENTIFIER = org.1a06e366a2d91fdb.Landmarks;
				PRODUCT_NAME = "$(TARGET_NAME)";
				SWIFT_EMIT_LOC_STRINGS = YES;
				SWIFT_VERSION = 5.0;
				TARGETED_DEVICE_FAMILY = "1,2";
			};
			name = Debug;
		};
		AFFBF88E2B36E3E600A38894 /* Release */ = {
			isa = XCBuildConfiguration;
			buildSettings = {
				ASSETCATALOG_COMPILER_APPICON_NAME = AppIcon;
				ASSETCATALOG_COMPILER_GLOBAL_ACCENT_COLOR_NAME = AccentColor;
				CODE_SIGN_STYLE = Automatic;
				CURRENT_PROJECT_VERSION = 1;
				DEVELOPMENT_ASSET_PATHS = "\"Landmarks/Preview Content\"";
				DEVELOPMENT_TEAM = 6736LJQ283;
				ENABLE_PREVIEWS = YES;
				GENERATE_INFOPLIST_FILE = YES;
				INFOPLIST_KEY_UIApplicationSceneManifest_Generation = YES;
				INFOPLIST_KEY_UIApplicationSupportsIndirectInputEvents = YES;
				INFOPLIST_KEY_UILaunchScreen_Generation = YES;
				INFOPLIST_KEY_UISupportedInterfaceOrientations_iPad = "UIInterfaceOrientationPortrait UIInterfaceOrientationPortraitUpsideDown UIInterfaceOrientationLandscapeLeft UIInterfaceOrientationLandscapeRight";
				INFOPLIST_KEY_UISupportedInterfaceOrientations_iPhone = "UIInterfaceOrientationPortrait UIInterfaceOrientationLandscapeLeft UIInterfaceOrientationLandscapeRight";
				LD_RUNPATH_SEARCH_PATHS = (
					"$(inherited)",
					"@executable_path/Frameworks",
				);
				MARKETING_VERSION = 1.0;
				PRODUCT_BUNDLE_IDENTIFIER = org.1a06e366a2d91fdb.Landmarks;
				PRODUCT_NAME = "$(TARGET_NAME)";
				SWIFT_EMIT_LOC_STRINGS = YES;
				SWIFT_VERSION = 5.0;
				TARGETED_DEVICE_FAMILY = "1,2";
			};
			name = Release;
		};
/* End XCBuildConfiguration section */

/* Begin XCConfigurationList section */
		AFFBF8792B36E3E300A38894 /* Build configuration list for PBXProject "Landmarks" */ = {
			isa = XCConfigurationList;
			buildConfigurations = (
				AFFBF88A2B36E3E600A38894 /* Debug */,
				AFFBF88B2B36E3E600A38894 /* Release */,
			);
			defaultConfigurationIsVisible = 0;
			defaultConfigurationName = Release;
		};
		AFFBF88C2B36E3E600A38894 /* Build configuration list for PBXNativeTarget "Landmarks" */ = {
			isa = XCConfigurationList;
			buildConfigurations = (
				AFFBF88D2B36E3E600A38894 /* Debug */,
				AFFBF88E2B36E3E600A38894 /* Release */,
			);
			defaultConfigurationIsVisible = 0;
			defaultConfigurationName = Release;
		};
/* End XCConfigurationList section */
	};
	rootObject = AFFBF8762B36E3E300A38894 /* Project object */;
}
